// !$*UTF8*$!
{
	archiveVersion = 1;
	classes = {
	};
	objectVersion = 50;
	objects = {

/* Begin PBXBuildFile section */
		537FE2CD240BE119002CC081 /* AppDelegate.swift in Sources */ = {isa = PBXBuildFile; fileRef = 537FE2CC240BE119002CC081 /* AppDelegate.swift */; };
		537FE2CF240BE119002CC081 /* SceneDelegate.swift in Sources */ = {isa = PBXBuildFile; fileRef = 537FE2CE240BE119002CC081 /* SceneDelegate.swift */; };
		537FE2D1240BE119002CC081 /* CalendaryController.swift in Sources */ = {isa = PBXBuildFile; fileRef = 537FE2D0240BE119002CC081 /* CalendaryController.swift */; };
		537FE2D4240BE119002CC081 /* Main.storyboard in Resources */ = {isa = PBXBuildFile; fileRef = 537FE2D2240BE119002CC081 /* Main.storyboard */; };
		537FE2D6240BE11B002CC081 /* Assets.xcassets in Resources */ = {isa = PBXBuildFile; fileRef = 537FE2D5240BE11B002CC081 /* Assets.xcassets */; };
		537FE2D9240BE11B002CC081 /* LaunchScreen.storyboard in Resources */ = {isa = PBXBuildFile; fileRef = 537FE2D7240BE11B002CC081 /* LaunchScreen.storyboard */; };
		537FE2E1240BE2C0002CC081 /* Holiday.swift in Sources */ = {isa = PBXBuildFile; fileRef = 537FE2E0240BE2C0002CC081 /* Holiday.swift */; };
		537FE2E3240BE381002CC081 /* HolidayRequest.swift in Sources */ = {isa = PBXBuildFile; fileRef = 537FE2E2240BE381002CC081 /* HolidayRequest.swift */; };
/* End PBXBuildFile section */

/* Begin PBXFileReference section */
		537FE2C9240BE119002CC081 /* Calendary.app */ = {isa = PBXFileReference; explicitFileType = wrapper.application; includeInIndex = 0; path = Calendary.app; sourceTree = BUILT_PRODUCTS_DIR; };
		537FE2CC240BE119002CC081 /* AppDelegate.swift */ = {isa = PBXFileReference; lastKnownFileType = sourcecode.swift; path = AppDelegate.swift; sourceTree = "<group>"; };
		537FE2CE240BE119002CC081 /* SceneDelegate.swift */ = {isa = PBXFileReference; lastKnownFileType = sourcecode.swift; path = SceneDelegate.swift; sourceTree = "<group>"; };
		537FE2D0240BE119002CC081 /* CalendaryController.swift */ = {isa = PBXFileReference; lastKnownFileType = sourcecode.swift; path = CalendaryController.swift; sourceTree = "<group>"; };
		537FE2D3240BE119002CC081 /* Base */ = {isa = PBXFileReference; lastKnownFileType = file.storyboard; name = Base; path = Base.lproj/Main.storyboard; sourceTree = "<group>"; };
		537FE2D5240BE11B002CC081 /* Assets.xcassets */ = {isa = PBXFileReference; lastKnownFileType = folder.assetcatalog; path = Assets.xcassets; sourceTree = "<group>"; };
		537FE2D8240BE11B002CC081 /* Base */ = {isa = PBXFileReference; lastKnownFileType = file.storyboard; name = Base; path = Base.lproj/LaunchScreen.storyboard; sourceTree = "<group>"; };
		537FE2DA240BE11B002CC081 /* Info.plist */ = {isa = PBXFileReference; lastKnownFileType = text.plist.xml; path = Info.plist; sourceTree = "<group>"; };
		537FE2E0240BE2C0002CC081 /* Holiday.swift */ = {isa = PBXFileReference; lastKnownFileType = sourcecode.swift; path = Holiday.swift; sourceTree = "<group>"; };
		537FE2E2240BE381002CC081 /* HolidayRequest.swift */ = {isa = PBXFileReference; lastKnownFileType = sourcecode.swift; path = HolidayRequest.swift; sourceTree = "<group>"; };
/* End PBXFileReference section */

/* Begin PBXFrameworksBuildPhase section */
		537FE2C6240BE119002CC081 /* Frameworks */ = {
			isa = PBXFrameworksBuildPhase;
			buildActionMask = 2147483647;
			files = (
			);
			runOnlyForDeploymentPostprocessing = 0;
		};
/* End PBXFrameworksBuildPhase section */

/* Begin PBXGroup section */
		537FE2C0240BE119002CC081 = {
			isa = PBXGroup;
			children = (
				537FE2CB240BE119002CC081 /* Calendary */,
				537FE2CA240BE119002CC081 /* Products */,
			);
			sourceTree = "<group>";
		};
		537FE2CA240BE119002CC081 /* Products */ = {
			isa = PBXGroup;
			children = (
				537FE2C9240BE119002CC081 /* Calendary.app */,
			);
			name = Products;
			sourceTree = "<group>";
		};
		537FE2CB240BE119002CC081 /* Calendary */ = {
			isa = PBXGroup;
			children = (
				537FE2CC240BE119002CC081 /* AppDelegate.swift */,
				537FE2CE240BE119002CC081 /* SceneDelegate.swift */,
				537FE2D0240BE119002CC081 /* CalendaryController.swift */,
				537FE2D2240BE119002CC081 /* Main.storyboard */,
				537FE2D5240BE11B002CC081 /* Assets.xcassets */,
				537FE2D7240BE11B002CC081 /* LaunchScreen.storyboard */,
				537FE2DA240BE11B002CC081 /* Info.plist */,
				537FE2E0240BE2C0002CC081 /* Holiday.swift */,
				537FE2E2240BE381002CC081 /* HolidayRequest.swift */,
			);
			path = Calendary;
			sourceTree = "<group>";
		};
/* End PBXGroup section */

/* Begin PBXNativeTarget section */
		537FE2C8240BE119002CC081 /* Calendary */ = {
			isa = PBXNativeTarget;
			buildConfigurationList = 537FE2DD240BE11B002CC081 /* Build configuration list for PBXNativeTarget "Calendary" */;
			buildPhases = (
				537FE2C5240BE119002CC081 /* Sources */,
				537FE2C6240BE119002CC081 /* Frameworks */,
				537FE2C7240BE119002CC081 /* Resources */,
			);
			buildRules = (
			);
			dependencies = (
			);
			name = Calendary;
			productName = Calendary;
			productReference = 537FE2C9240BE119002CC081 /* Calendary.app */;
			productType = "com.apple.product-type.application";
		};
/* End PBXNativeTarget section */

/* Begin PBXProject section */
		537FE2C1240BE119002CC081 /* Project object */ = {
			isa = PBXProject;
			attributes = {
				LastSwiftUpdateCheck = 1110;
				LastUpgradeCheck = 1110;
				ORGANIZATIONNAME = RafaelAB;
				TargetAttributes = {
					537FE2C8240BE119002CC081 = {
						CreatedOnToolsVersion = 11.1;
					};
				};
			};
			buildConfigurationList = 537FE2C4240BE119002CC081 /* Build configuration list for PBXProject "Calendary" */;
			compatibilityVersion = "Xcode 9.3";
			developmentRegion = en;
			hasScannedForEncodings = 0;
			knownRegions = (
				en,
				Base,
			);
			mainGroup = 537FE2C0240BE119002CC081;
			productRefGroup = 537FE2CA240BE119002CC081 /* Products */;
			projectDirPath = "";
			projectRoot = "";
			targets = (
				537FE2C8240BE119002CC081 /* Calendary */,
			);
		};
/* End PBXProject section */

/* Begin PBXResourcesBuildPhase section */
		537FE2C7240BE119002CC081 /* Resources */ = {
			isa = PBXResourcesBuildPhase;
			buildActionMask = 2147483647;
			files = (
				537FE2D9240BE11B002CC081 /* LaunchScreen.storyboard in Resources */,
				537FE2D6240BE11B002CC081 /* Assets.xcassets in Resources */,
				537FE2D4240BE119002CC081 /* Main.storyboard in Resources */,
			);
			runOnlyForDeploymentPostprocessing = 0;
		};
/* End PBXResourcesBuildPhase section */

/* Begin PBXSourcesBuildPhase section */
		537FE2C5240BE119002CC081 /* Sources */ = {
			isa = PBXSourcesBuildPhase;
			buildActionMask = 2147483647;
			files = (
				537FE2D1240BE119002CC081 /* CalendaryController.swift in Sources */,
				537FE2E3240BE381002CC081 /* HolidayRequest.swift in Sources */,
				537FE2CD240BE119002CC081 /* AppDelegate.swift in Sources */,
				537FE2E1240BE2C0002CC081 /* Holiday.swift in Sources */,
				537FE2CF240BE119002CC081 /* SceneDelegate.swift in Sources */,
			);
			runOnlyForDeploymentPostprocessing = 0;
		};
/* End PBXSourcesBuildPhase section */

/* Begin PBXVariantGroup section */
		537FE2D2240BE119002CC081 /* Main.storyboard */ = {
			isa = PBXVariantGroup;
			children = (
				537FE2D3240BE119002CC081 /* Base */,
			);
			name = Main.storyboard;
			sourceTree = "<group>";
		};
		537FE2D7240BE11B002CC081 /* LaunchScreen.storyboard */ = {
			isa = PBXVariantGroup;
			children = (
				537FE2D8240BE11B002CC081 /* Base */,
			);
			name = LaunchScreen.storyboard;
			sourceTree = "<group>";
		};
/* End PBXVariantGroup section */

/* Begin XCBuildConfiguration section */
		537FE2DB240BE11B002CC081 /* Debug */ = {
			isa = XCBuildConfiguration;
			buildSettings = {
				ALWAYS_SEARCH_USER_PATHS = NO;
				CLANG_ANALYZER_NONNULL = YES;
				CLANG_ANALYZER_NUMBER_OBJECT_CONVERSION = YES_AGGRESSIVE;
				CLANG_CXX_LANGUAGE_STANDARD = "gnu++14";
				CLANG_CXX_LIBRARY = "libc++";
				CLANG_ENABLE_MODULES = YES;
				CLANG_ENABLE_OBJC_ARC = YES;
				CLANG_ENABLE_OBJC_WEAK = YES;
				CLANG_WARN_BLOCK_CAPTURE_AUTORELEASING = YES;
				CLANG_WARN_BOOL_CONVERSION = YES;
				CLANG_WARN_COMMA = YES;
				CLANG_WARN_CONSTANT_CONVERSION = YES;
				CLANG_WARN_DEPRECATED_OBJC_IMPLEMENTATIONS = YES;
				CLANG_WARN_DIRECT_OBJC_ISA_USAGE = YES_ERROR;
				CLANG_WARN_DOCUMENTATION_COMMENTS = YES;
				CLANG_WARN_EMPTY_BODY = YES;
				CLANG_WARN_ENUM_CONVERSION = YES;
				CLANG_WARN_INFINITE_RECURSION = YES;
				CLANG_WARN_INT_CONVERSION = YES;
				CLANG_WARN_NON_LITERAL_NULL_CONVERSION = YES;
				CLANG_WARN_OBJC_IMPLICIT_RETAIN_SELF = YES;
				CLANG_WARN_OBJC_LITERAL_CONVERSION = YES;
				CLANG_WARN_OBJC_ROOT_CLASS = YES_ERROR;
				CLANG_WARN_RANGE_LOOP_ANALYSIS = YES;
				CLANG_WARN_STRICT_PROTOTYPES = YES;
				CLANG_WARN_SUSPICIOUS_MOVE = YES;
				CLANG_WARN_UNGUARDED_AVAILABILITY = YES_AGGRESSIVE;
				CLANG_WARN_UNREACHABLE_CODE = YES;
				CLANG_WARN__DUPLICATE_METHOD_MATCH = YES;
				COPY_PHASE_STRIP = NO;
				DEBUG_INFORMATION_FORMAT = dwarf;
				ENABLE_STRICT_OBJC_MSGSEND = YES;
				ENABLE_TESTABILITY = YES;
				GCC_C_LANGUAGE_STANDARD = gnu11;
				GCC_DYNAMIC_NO_PIC = NO;
				GCC_NO_COMMON_BLOCKS = YES;
				GCC_OPTIMIZATION_LEVEL = 0;
				GCC_PREPROCESSOR_DEFINITIONS = (
					"DEBUG=1",
					"$(inherited)",
				);
				GCC_WARN_64_TO_32_BIT_CONVERSION = YES;
				GCC_WARN_ABOUT_RETURN_TYPE = YES_ERROR;
				GCC_WARN_UNDECLARED_SELECTOR = YES;
				GCC_WARN_UNINITIALIZED_AUTOS = YES_AGGRESSIVE;
				GCC_WARN_UNUSED_FUNCTION = YES;
				GCC_WARN_UNUSED_VARIABLE = YES;
				IPHONEOS_DEPLOYMENT_TARGET = 13.1;
				MTL_ENABLE_DEBUG_INFO = INCLUDE_SOURCE;
				MTL_FAST_MATH = YES;
				ONLY_ACTIVE_ARCH = YES;
				SDKROOT = iphoneos;
				SWIFT_ACTIVE_COMPILATION_CONDITIONS = DEBUG;
				SWIFT_OPTIMIZATION_LEVEL = "-Onone";
			};
			name = Debug;
		};
		537FE2DC240BE11B002CC081 /* Release */ = {
			isa = XCBuildConfiguration;
			buildSettings = {
				ALWAYS_SEARCH_USER_PATHS = NO;
				CLANG_ANALYZER_NONNULL = YES;
				CLANG_ANALYZER_NUMBER_OBJECT_CONVERSION = YES_AGGRESSIVE;
				CLANG_CXX_LANGUAGE_STANDARD = "gnu++14";
				CLANG_CXX_LIBRARY = "libc++";
				CLANG_ENABLE_MODULES = YES;
				CLANG_ENABLE_OBJC_ARC = YES;
				CLANG_ENABLE_OBJC_WEAK = YES;
				CLANG_WARN_BLOCK_CAPTURE_AUTORELEASING = YES;
				CLANG_WARN_BOOL_CONVERSION = YES;
				CLANG_WARN_COMMA = YES;
				CLANG_WARN_CONSTANT_CONVERSION = YES;
				CLANG_WARN_DEPRECATED_OBJC_IMPLEMENTATIONS = YES;
				CLANG_WARN_DIRECT_OBJC_ISA_USAGE = YES_ERROR;
				CLANG_WARN_DOCUMENTATION_COMMENTS = YES;
				CLANG_WARN_EMPTY_BODY = YES;
				CLANG_WARN_ENUM_CONVERSION = YES;
				CLANG_WARN_INFINITE_RECURSION = YES;
				CLANG_WARN_INT_CONVERSION = YES;
				CLANG_WARN_NON_LITERAL_NULL_CONVERSION = YES;
				CLANG_WARN_OBJC_IMPLICIT_RETAIN_SELF = YES;
				CLANG_WARN_OBJC_LITERAL_CONVERSION = YES;
				CLANG_WARN_OBJC_ROOT_CLASS = YES_ERROR;
				CLANG_WARN_RANGE_LOOP_ANALYSIS = YES;
				CLANG_WARN_STRICT_PROTOTYPES = YES;
				CLANG_WARN_SUSPICIOUS_MOVE = YES;
				CLANG_WARN_UNGUARDED_AVAILABILITY = YES_AGGRESSIVE;
				CLANG_WARN_UNREACHABLE_CODE = YES;
				CLANG_WARN__DUPLICATE_METHOD_MATCH = YES;
				COPY_PHASE_STRIP = NO;
				DEBUG_INFORMATION_FORMAT = "dwarf-with-dsym";
				ENABLE_NS_ASSERTIONS = NO;
				ENABLE_STRICT_OBJC_MSGSEND = YES;
				GCC_C_LANGUAGE_STANDARD = gnu11;
				GCC_NO_COMMON_BLOCKS = YES;
				GCC_WARN_64_TO_32_BIT_CONVERSION = YES;
				GCC_WARN_ABOUT_RETURN_TYPE = YES_ERROR;
				GCC_WARN_UNDECLARED_SELECTOR = YES;
				GCC_WARN_UNINITIALIZED_AUTOS = YES_AGGRESSIVE;
				GCC_WARN_UNUSED_FUNCTION = YES;
				GCC_WARN_UNUSED_VARIABLE = YES;
				IPHONEOS_DEPLOYMENT_TARGET = 13.1;
				MTL_ENABLE_DEBUG_INFO = NO;
				MTL_FAST_MATH = YES;
				SDKROOT = iphoneos;
				SWIFT_COMPILATION_MODE = wholemodule;
				SWIFT_OPTIMIZATION_LEVEL = "-O";
				VALIDATE_PRODUCT = YES;
			};
			name = Release;
		};
		537FE2DE240BE11B002CC081 /* Debug */ = {
			isa = XCBuildConfiguration;
			buildSettings = {
				ASSETCATALOG_COMPILER_APPICON_NAME = AppIcon;
				CODE_SIGN_STYLE = Automatic;
				DEVELOPMENT_TEAM = 7EJKV8CGJ8;
				INFOPLIST_FILE = Calendary/Info.plist;
				LD_RUNPATH_SEARCH_PATHS = (
					"$(inherited)",
					"@executable_path/Frameworks",
				);
				PRODUCT_BUNDLE_IDENTIFIER = com.RafaelAsencio.Calendary;
				PRODUCT_NAME = "$(TARGET_NAME)";
				SWIFT_VERSION = 5.0;
				TARGETED_DEVICE_FAMILY = "1,2";
			};
			name = Debug;
		};
		537FE2DF240BE11B002CC081 /* Release */ = {
			isa = XCBuildConfiguration;
			buildSettings = {
				ASSETCATALOG_COMPILER_APPICON_NAME = AppIcon;
				CODE_SIGN_STYLE = Automatic;
				DEVELOPMENT_TEAM = 7EJKV8CGJ8;
				INFOPLIST_FILE = Calendary/Info.plist;
				LD_RUNPATH_SEARCH_PATHS = (
					"$(inherited)",
					"@executable_path/Frameworks",
				);
				PRODUCT_BUNDLE_IDENTIFIER = com.RafaelAsencio.Calendary;
				PRODUCT_NAME = "$(TARGET_NAME)";
				SWIFT_VERSION = 5.0;
				TARGETED_DEVICE_FAMILY = "1,2";
			};
			name = Release;
		};
/* End XCBuildConfiguration section */

/* Begin XCConfigurationList section */
		537FE2C4240BE119002CC081 /* Build configuration list for PBXProject "Calendary" */ = {
			isa = XCConfigurationList;
			buildConfigurations = (
				537FE2DB240BE11B002CC081 /* Debug */,
				537FE2DC240BE11B002CC081 /* Release */,
			);
			defaultConfigurationIsVisible = 0;
			defaultConfigurationName = Release;
		};
		537FE2DD240BE11B002CC081 /* Build configuration list for PBXNativeTarget "Calendary" */ = {
			isa = XCConfigurationList;
			buildConfigurations = (
				537FE2DE240BE11B002CC081 /* Debug */,
				537FE2DF240BE11B002CC081 /* Release */,
			);
			defaultConfigurationIsVisible = 0;
			defaultConfigurationName = Release;
		};
/* End XCConfigurationList section */
	};
	rootObject = 537FE2C1240BE119002CC081 /* Project object */;
}
